<?xml version="1.0" encoding="utf-8"?>
<Project ToolsVersion="4.0" xmlns="http://schemas.microsoft.com/developer/msbuild/2003">
  <ItemGroup>
    <Filter Include="ソース ファイル">
      <UniqueIdentifier>{4FC737F1-C7A5-4376-A066-2A32D752A2FF}</UniqueIdentifier>
      <Extensions>cpp;c;cc;cxx;c++;cppm;ixx;def;odl;idl;hpj;bat;asm;asmx</Extensions>
    </Filter>
    <Filter Include="ヘッダー ファイル">
      <UniqueIdentifier>{93995380-89BD-4b04-88EB-625FBE52EBFB}</UniqueIdentifier>
      <Extensions>h;hh;hpp;hxx;h++;hm;inl;inc;ipp;xsd</Extensions>
    </Filter>
    <Filter Include="リソース ファイル">
      <UniqueIdentifier>{67DA6AB6-F800-4c08-8B7A-83BB121AAD01}</UniqueIdentifier>
      <Extensions>rc;ico;cur;bmp;dlg;rc2;rct;bin;rgs;gif;jpg;jpeg;jpe;resx;tiff;tif;png;wav;mfcribbon-ms</Extensions>
    </Filter>
    <Filter Include="ソース ファイル\LoadModel">
      <UniqueIdentifier>{9faa75b5-6077-4c30-92ae-f1ca6a9e94b2}</UniqueIdentifier>
    </Filter>
    <Filter Include="ヘッダー ファイル\LoadModel">
      <UniqueIdentifier>{452c546e-1157-4489-b5de-2e853ea9ce9a}</UniqueIdentifier>
    </Filter>
    <Filter Include="ヘッダー ファイル\Lights">
      <UniqueIdentifier>{4cac4a24-a511-466b-ae6b-2183316919ae}</UniqueIdentifier>
    </Filter>
    <Filter Include="ソース ファイル\Lights">
      <UniqueIdentifier>{2c1a1d75-3295-433d-bdab-de4bea32f3fe}</UniqueIdentifier>
    </Filter>
    <Filter Include="ヘッダー ファイル\Vulkan">
      <UniqueIdentifier>{3fcbab67-6893-4a1b-a6db-ccfb3dda7ed3}</UniqueIdentifier>
    </Filter>
    <Filter Include="ソース ファイル\Vulkan">
      <UniqueIdentifier>{8e5f75bc-37c1-40c7-a477-7fa13b6cef96}</UniqueIdentifier>
    </Filter>
    <Filter Include="ソース ファイル\StageObjects">
      <UniqueIdentifier>{4ad45d4e-e66e-4577-9a80-4de13d71ec69}</UniqueIdentifier>
    </Filter>
    <Filter Include="ヘッダー ファイル\StageObjects">
      <UniqueIdentifier>{c0270a5a-c084-4f03-a48e-830f0f61cd9d}</UniqueIdentifier>
    </Filter>
  </ItemGroup>
  <ItemGroup>
    <ClCompile Include="main.cpp">
      <Filter>ソース ファイル</Filter>
    </ClCompile>
    <ClCompile Include="Scene.cpp">
      <Filter>ソース ファイル\LoadModel</Filter>
    </ClCompile>
    <ClCompile Include="Material.cpp">
      <Filter>ソース ファイル\LoadModel</Filter>
    </ClCompile>
    <ClCompile Include="Object.cpp">
      <Filter>ソース ファイル</Filter>
    </ClCompile>
    <ClCompile Include="Meshes.cpp">
      <Filter>ソース ファイル\LoadModel</Filter>
    </ClCompile>
    <ClCompile Include="Controller.cpp">
      <Filter>ソース ファイル</Filter>
    </ClCompile>
    <ClCompile Include="FileManager.cpp">
      <Filter>ソース ファイル</Filter>
    </ClCompile>
    <ClCompile Include="GameManager.cpp">
      <Filter>ソース ファイル</Filter>
    </ClCompile>
    <ClCompile Include="VulkanBase.cpp">
      <Filter>ソース ファイル\Vulkan</Filter>
    </ClCompile>
    <ClCompile Include="Storage.cpp">
      <Filter>ソース ファイル\LoadModel</Filter>
    </ClCompile>
    <ClCompile Include="Model.cpp">
      <Filter>ソース ファイル</Filter>
    </ClCompile>
    <ClCompile Include="Player.cpp">
      <Filter>ソース ファイル</Filter>
    </ClCompile>
    <ClCompile Include="Camera.cpp">
      <Filter>ソース ファイル</Filter>
    </ClCompile>
    <ClCompile Include="GltfModel.cpp">
      <Filter>ソース ファイル\LoadModel</Filter>
    </ClCompile>
    <ClCompile Include="AnimController.cpp">
      <Filter>ソース ファイル</Filter>
    </ClCompile>
    <ClCompile Include="Colider.cpp">
      <Filter>ソース ファイル</Filter>
    </ClCompile>
    <ClCompile Include="StageBox.cpp">
      <Filter>ソース ファイル\StageObjects</Filter>
    </ClCompile>
    <ClCompile Include="PhysicBase.cpp">
      <Filter>ソース ファイル</Filter>
    </ClCompile>
  </ItemGroup>
  <ItemGroup>
    <ClInclude Include="Scene.h">
      <Filter>ヘッダー ファイル\LoadModel</Filter>
    </ClInclude>
    <ClInclude Include="Material.h">
      <Filter>ヘッダー ファイル\LoadModel</Filter>
    </ClInclude>
    <ClInclude Include="Object.h">
      <Filter>ヘッダー ファイル</Filter>
    </ClInclude>
    <ClInclude Include="Meshes.h">
      <Filter>ヘッダー ファイル\LoadModel</Filter>
    </ClInclude>
    <ClInclude Include="Controller.h">
      <Filter>ヘッダー ファイル</Filter>
    </ClInclude>
    <ClInclude Include="FileManager.h">
      <Filter>ヘッダー ファイル</Filter>
    </ClInclude>
    <ClInclude Include="GameManager.h">
      <Filter>ヘッダー ファイル</Filter>
    </ClInclude>
    <ClInclude Include="VulkanBase.h">
      <Filter>ヘッダー ファイル\Vulkan</Filter>
    </ClInclude>
    <ClInclude Include="Storage.h">
      <Filter>ヘッダー ファイル\LoadModel</Filter>
    </ClInclude>
    <ClInclude Include="Model.h">
      <Filter>ヘッダー ファイル</Filter>
    </ClInclude>
    <ClInclude Include="Player.h">
      <Filter>ヘッダー ファイル</Filter>
    </ClInclude>
    <ClInclude Include="Camera.h">
      <Filter>ヘッダー ファイル</Filter>
    </ClInclude>
    <ClInclude Include="GltfModel.h">
      <Filter>ヘッダー ファイル\LoadModel</Filter>
    </ClInclude>
    <ClInclude Include="resource1.h">
      <Filter>ヘッダー ファイル</Filter>
    </ClInclude>
    <ClInclude Include="AnimController.h">
      <Filter>ヘッダー ファイル</Filter>
    </ClInclude>
    <ClInclude Include="EnumList.h">
      <Filter>ヘッダー ファイル</Filter>
    </ClInclude>
    <ClInclude Include="Colider.h">
      <Filter>ヘッダー ファイル</Filter>
    </ClInclude>
    <ClInclude Include="StageBox.h">
      <Filter>ヘッダー ファイル\StageObjects</Filter>
    </ClInclude>
    <ClInclude Include="PhysicBase.h">
      <Filter>ヘッダー ファイル</Filter>
    </ClInclude>
  </ItemGroup>
  <ItemGroup>
    <ResourceCompile Include="VulkanGame1.rc">
      <Filter>リソース ファイル</Filter>
    </ResourceCompile>
  </ItemGroup>
  <ItemGroup>
    <None Include="models\Buche_de_Noel.fbx" />
    <None Include="models\unitychan.fbx" />
    <None Include="models\unitychan_fbx7binary.fbx" />
    <None Include="models\Ground_01.fbx" />
    <None Include="models\Flag_Pole.fbx" />
    <None Include="models\unitychan_WALK00_F_fbx7binary.fbx" />
    <None Include="packages.config" />
  </ItemGroup>
</Project>