<?xml version="1.0" encoding="utf-8"?>
<Project ToolsVersion="4.0" xmlns="http://schemas.microsoft.com/developer/msbuild/2003">
  <ItemGroup>
    <Filter Include="ソース ファイル">
      <UniqueIdentifier>{4FC737F1-C7A5-4376-A066-2A32D752A2FF}</UniqueIdentifier>
      <Extensions>cpp;c;cc;cxx;c++;cppm;ixx;def;odl;idl;hpj;bat;asm;asmx</Extensions>
    </Filter>
    <Filter Include="リソース ファイル">
      <UniqueIdentifier>{67DA6AB6-F800-4c08-8B7A-83BB121AAD01}</UniqueIdentifier>
      <Extensions>rc;ico;cur;bmp;dlg;rc2;rct;bin;rgs;gif;jpg;jpeg;jpe;resx;tiff;tif;png;wav;mfcribbon-ms</Extensions>
    </Filter>
    <Filter Include="ソース ファイル\LoadModel">
      <UniqueIdentifier>{9faa75b5-6077-4c30-92ae-f1ca6a9e94b2}</UniqueIdentifier>
    </Filter>
    <Filter Include="ソース ファイル\Lights">
      <UniqueIdentifier>{2c1a1d75-3295-433d-bdab-de4bea32f3fe}</UniqueIdentifier>
    </Filter>
    <Filter Include="ソース ファイル\Vulkan">
      <UniqueIdentifier>{8e5f75bc-37c1-40c7-a477-7fa13b6cef96}</UniqueIdentifier>
    </Filter>
    <Filter Include="ヘッダー ファイル">
      <UniqueIdentifier>{93995380-89BD-4b04-88EB-625FBE52EBFB}</UniqueIdentifier>
      <Extensions>h;hh;hpp;hxx;h++;hm;inl;inc;ipp;xsd</Extensions>
    </Filter>
    <Filter Include="ヘッダー ファイル\LoadModel">
      <UniqueIdentifier>{452c546e-1157-4489-b5de-2e853ea9ce9a}</UniqueIdentifier>
    </Filter>
    <Filter Include="ヘッダー ファイル\Vulkan">
      <UniqueIdentifier>{3fcbab67-6893-4a1b-a6db-ccfb3dda7ed3}</UniqueIdentifier>
    </Filter>
    <Filter Include="ヘッダー ファイル\Lights">
      <UniqueIdentifier>{4cac4a24-a511-466b-ae6b-2183316919ae}</UniqueIdentifier>
    </Filter>
    <Filter Include="ソース ファイル\Font">
      <UniqueIdentifier>{91c87190-28a4-46e1-880e-a2b3843b6206}</UniqueIdentifier>
    </Filter>
    <Filter Include="ヘッダー ファイル\Font">
      <UniqueIdentifier>{62926d93-0ca9-488d-b53b-67382d487d1f}</UniqueIdentifier>
    </Filter>
    <Filter Include="ソース ファイル\UI">
      <UniqueIdentifier>{2ce631bd-f6f5-4348-987d-8d7cbe28552f}</UniqueIdentifier>
    </Filter>
    <Filter Include="ヘッダー ファイル\UI">
      <UniqueIdentifier>{4f8aa097-4077-4d98-b031-04d863ec83f6}</UniqueIdentifier>
    </Filter>
    <Filter Include="ヘッダー ファイル\Vulkan\Builder">
      <UniqueIdentifier>{64858630-b163-4def-a124-03a5704ed8fc}</UniqueIdentifier>
    </Filter>
    <Filter Include="ソース ファイル\Vulkan\Builder">
      <UniqueIdentifier>{bcc60ca7-f21b-4c2f-bf28-de9b6e3b1344}</UniqueIdentifier>
    </Filter>
    <Filter Include="ヘッダー ファイル\Vulkan\Factory">
      <UniqueIdentifier>{47e0f8f5-28f8-44c4-aad9-5268c8d4014d}</UniqueIdentifier>
    </Filter>
    <Filter Include="ソース ファイル\Vulkan\Factory">
      <UniqueIdentifier>{0496e188-0d04-4701-aa6d-b84c90643af9}</UniqueIdentifier>
    </Filter>
    <Filter Include="ヘッダー ファイル\Material">
      <UniqueIdentifier>{c361d68e-f3c2-4a91-b381-84e082ae880f}</UniqueIdentifier>
    </Filter>
    <Filter Include="ソース ファイル\Material">
      <UniqueIdentifier>{bd8b6443-0054-4369-bcaf-df0e8617d367}</UniqueIdentifier>
    </Filter>
    <Filter Include="ヘッダー ファイル\CompSystem">
      <UniqueIdentifier>{8e4428d0-2ab3-48ea-8696-b9cd821a99ce}</UniqueIdentifier>
    </Filter>
    <Filter Include="ヘッダー ファイル\ECS">
      <UniqueIdentifier>{550abbfd-acbe-4daa-a22c-f382b5d3dce0}</UniqueIdentifier>
    </Filter>
    <Filter Include="ヘッダー ファイル\ECS\OldComponent">
      <UniqueIdentifier>{a16e01cb-e4de-415d-878c-b90f8ab83e51}</UniqueIdentifier>
    </Filter>
    <Filter Include="ヘッダー ファイル\ECS\Component">
      <UniqueIdentifier>{a145ed77-5ed9-40fb-ac81-ec14ff8c1283}</UniqueIdentifier>
    </Filter>
    <Filter Include="ヘッダー ファイル\ECS\System">
      <UniqueIdentifier>{ee6a6bec-6aaf-48b3-9dca-241e75dfe628}</UniqueIdentifier>
    </Filter>
    <Filter Include="ソース ファイル\ECS">
      <UniqueIdentifier>{875cd865-6c77-4b1b-87e9-fc79b06ece9c}</UniqueIdentifier>
    </Filter>
    <Filter Include="ソース ファイル\ECS\CompSystem">
      <UniqueIdentifier>{a19d2831-7f63-4b1f-a973-2d9972299566}</UniqueIdentifier>
    </Filter>
    <Filter Include="ソース ファイル\ECS\Component">
      <UniqueIdentifier>{c8a87ec3-71f0-4b89-9c57-7f4793836b8b}</UniqueIdentifier>
    </Filter>
  </ItemGroup>
  <ItemGroup>
    <ClCompile Include="main.cpp">
      <Filter>ソース ファイル</Filter>
    </ClCompile>
    <ClCompile Include="GameManager.cpp">
      <Filter>ソース ファイル</Filter>
    </ClCompile>
    <ClCompile Include="GltfModel.cpp">
      <Filter>ソース ファイル\LoadModel</Filter>
    </ClCompile>
    <ClCompile Include="GpuBufferBuilder.cpp">
      <Filter>ソース ファイル\Vulkan\Builder</Filter>
    </ClCompile>
    <ClCompile Include="GpuBufferFactory.cpp">
      <Filter>ソース ファイル\Vulkan\Factory</Filter>
    </ClCompile>
    <ClCompile Include="VulkanCore.cpp">
      <Filter>ソース ファイル\Vulkan</Filter>
    </ClCompile>
    <ClCompile Include="DescriptorSetLayoutBuilder.cpp">
      <Filter>ソース ファイル\Vulkan\Builder</Filter>
    </ClCompile>
    <ClCompile Include="DescriptorSetLayoutFactory.cpp">
      <Filter>ソース ファイル\Vulkan\Factory</Filter>
    </ClCompile>
    <ClCompile Include="PipelineLayoutFactory.cpp">
      <Filter>ソース ファイル\Vulkan\Factory</Filter>
    </ClCompile>
    <ClCompile Include="PipelineLayoutBuilder.cpp">
      <Filter>ソース ファイル\Vulkan\Builder</Filter>
    </ClCompile>
    <ClCompile Include="PipelineFactory.cpp">
      <Filter>ソース ファイル\Vulkan\Factory</Filter>
    </ClCompile>
    <ClCompile Include="PipelineBuilder.cpp">
      <Filter>ソース ファイル\Vulkan\Builder</Filter>
    </ClCompile>
    <ClCompile Include="ShaderFactory.cpp">
      <Filter>ソース ファイル\Vulkan\Factory</Filter>
    </ClCompile>
    <ClCompile Include="RenderPassFactory.cpp">
      <Filter>ソース ファイル\Vulkan\Factory</Filter>
    </ClCompile>
    <ClCompile Include="RenderPassBuilder.cpp">
      <Filter>ソース ファイル\Vulkan\Builder</Filter>
    </ClCompile>
    <ClCompile Include="TextureBuilder.cpp">
      <Filter>ソース ファイル\Material</Filter>
    </ClCompile>
    <ClCompile Include="TextureFactory.cpp">
      <Filter>ソース ファイル\Material</Filter>
    </ClCompile>
    <ClCompile Include="FrameBufferBuilder.cpp">
      <Filter>ソース ファイル\Vulkan\Builder</Filter>
    </ClCompile>
    <ClCompile Include="SwapChain.cpp">
      <Filter>ソース ファイル</Filter>
    </ClCompile>
    <ClCompile Include="DescriptorSetFactory.cpp">
      <Filter>ソース ファイル\Vulkan\Factory</Filter>
    </ClCompile>
    <ClCompile Include="DescriptorSetBuilder.cpp">
      <Filter>ソース ファイル\Vulkan\Builder</Filter>
    </ClCompile>
    <ClCompile Include="IRenderable.cpp">
      <Filter>ソース ファイル</Filter>
    </ClCompile>
    <ClCompile Include="Render.cpp">
      <Filter>ソース ファイル</Filter>
    </ClCompile>
    <ClCompile Include="EnviromentLightSetFactory.cpp">
      <Filter>ソース ファイル\Vulkan\Factory</Filter>
    </ClCompile>
    <ClCompile Include="EnviromentLightSetBuilder.cpp">
      <Filter>ソース ファイル\Vulkan\Builder</Filter>
    </ClCompile>
    <ClCompile Include="EnvironmentLightSet.cpp">
      <Filter>ソース ファイル</Filter>
    </ClCompile>
    <ClCompile Include="Material.cpp">
      <Filter>ソース ファイル\Material</Filter>
    </ClCompile>
    <ClCompile Include="MaterialBuilder.cpp">
      <Filter>ソース ファイル\Material</Filter>
    </ClCompile>
    <ClCompile Include="GltfModelFactory.cpp">
      <Filter>ソース ファイル</Filter>
    </ClCompile>
    <ClCompile Include="ECSManager.cpp">
      <Filter>ソース ファイル\ECS</Filter>
    </ClCompile>
    <ClCompile Include="FrameBufferFactory.cpp">
      <Filter>ソース ファイル\Vulkan\Factory</Filter>
    </ClCompile>
    <ClCompile Include="SkyDomeBuilder.cpp">
      <Filter>ソース ファイル\Vulkan\Builder</Filter>
    </ClCompile>
    <ClCompile Include="SkyDomeFactory.cpp">
      <Filter>ソース ファイル\Vulkan\Factory</Filter>
    </ClCompile>
    <ClCompile Include="TextureCopy.cpp">
      <Filter>ソース ファイル\Material</Filter>
    </ClCompile>
    <ClCompile Include="CommandBufferFactory.cpp">
      <Filter>ソース ファイル\Vulkan\Factory</Filter>
    </ClCompile>
  </ItemGroup>
  <ItemGroup>
    <ClInclude Include="Material.h">
      <Filter>ヘッダー ファイル\LoadModel</Filter>
    </ClInclude>
    <ClInclude Include="GltfModel.h">
      <Filter>ヘッダー ファイル\LoadModel</Filter>
    </ClInclude>
    <ClInclude Include="resource1.h">
      <Filter>ヘッダー ファイル</Filter>
    </ClInclude>
    <ClInclude Include="EnumList.h">
      <Filter>ヘッダー ファイル</Filter>
    </ClInclude>
    <ClInclude Include="GpuBufferBuilder.h">
      <Filter>ヘッダー ファイル\Vulkan\Builder</Filter>
    </ClInclude>
    <ClInclude Include="VulkanCore.h">
      <Filter>ヘッダー ファイル\Vulkan</Filter>
    </ClInclude>
    <ClInclude Include="GpuBufferFactory.h">
      <Filter>ヘッダー ファイル\Vulkan\Factory</Filter>
    </ClInclude>
    <ClInclude Include="DescriptorSetLayoutBuilder.h">
      <Filter>ヘッダー ファイル\Vulkan\Builder</Filter>
    </ClInclude>
    <ClInclude Include="DescriptorSetLayoutFactory.h">
      <Filter>ヘッダー ファイル\Vulkan\Factory</Filter>
    </ClInclude>
    <ClInclude Include="PipelineLayoutFactory.h">
      <Filter>ヘッダー ファイル\Vulkan\Factory</Filter>
    </ClInclude>
    <ClInclude Include="PipelineLayoutBuilder.h">
      <Filter>ヘッダー ファイル\Vulkan\Builder</Filter>
    </ClInclude>
    <ClInclude Include="StructList.h">
      <Filter>ヘッダー ファイル</Filter>
    </ClInclude>
    <ClInclude Include="PipelineFactory.h">
      <Filter>ヘッダー ファイル\Vulkan\Factory</Filter>
    </ClInclude>
    <ClInclude Include="PipelineBuilder.h">
      <Filter>ヘッダー ファイル\Vulkan\Builder</Filter>
    </ClInclude>
    <ClInclude Include="ShaderFactory.h">
      <Filter>ヘッダー ファイル\Vulkan\Factory</Filter>
    </ClInclude>
    <ClInclude Include="RenderPassFactory.h">
      <Filter>ヘッダー ファイル\Vulkan\Factory</Filter>
    </ClInclude>
    <ClInclude Include="RenderPassBuilder.h">
      <Filter>ヘッダー ファイル\Vulkan\Builder</Filter>
    </ClInclude>
    <ClInclude Include="TextureBuilder.h">
      <Filter>ヘッダー ファイル\Material</Filter>
    </ClInclude>
    <ClInclude Include="TextureFactory.h">
      <Filter>ヘッダー ファイル\Material</Filter>
    </ClInclude>
    <ClInclude Include="Library.cpp">
      <Filter>ソース ファイル</Filter>
    </ClInclude>
    <ClInclude Include="Library.h">
      <Filter>ヘッダー ファイル</Filter>
    </ClInclude>
    <ClInclude Include="FrameBufferFactory.h">
      <Filter>ヘッダー ファイル\Vulkan\Factory</Filter>
    </ClInclude>
    <ClInclude Include="FrameBufferBuilder.h">
      <Filter>ヘッダー ファイル\Vulkan\Builder</Filter>
    </ClInclude>
    <ClInclude Include="SwapChain.h">
      <Filter>ヘッダー ファイル</Filter>
    </ClInclude>
    <ClInclude Include="DescriptorSetFactory.h">
      <Filter>ヘッダー ファイル\Vulkan\Factory</Filter>
    </ClInclude>
    <ClInclude Include="DescriptorSetBuilder.h">
      <Filter>ヘッダー ファイル\Vulkan\Builder</Filter>
    </ClInclude>
    <ClInclude Include="Render.h">
      <Filter>ヘッダー ファイル</Filter>
    </ClInclude>
    <ClInclude Include="EnviromentLightSetFactory.h">
      <Filter>ヘッダー ファイル\Vulkan\Factory</Filter>
    </ClInclude>
    <ClInclude Include="EnviromentLightSetBuilder.h">
      <Filter>ヘッダー ファイル\Vulkan\Builder</Filter>
    </ClInclude>
    <ClInclude Include="EnvironmentLightSet.h">
      <Filter>ヘッダー ファイル</Filter>
    </ClInclude>
    <ClInclude Include="IBL.h">
      <Filter>ヘッダー ファイル</Filter>
    </ClInclude>
    <ClInclude Include="IComponent.h">
      <Filter>ヘッダー ファイル\ECS\OldComponent</Filter>
    </ClInclude>
    <ClInclude Include="Entity.h">
      <Filter>ヘッダー ファイル</Filter>
    </ClInclude>
    <ClInclude Include="TransformComponent.h">
      <Filter>ヘッダー ファイル\ECS\OldComponent</Filter>
    </ClInclude>
    <ClInclude Include="GltfModelComponent.h">
      <Filter>ヘッダー ファイル\ECS\OldComponent</Filter>
    </ClInclude>
    <ClInclude Include="AnimationComponent.h">
      <Filter>ヘッダー ファイル\ECS\OldComponent</Filter>
    </ClInclude>
    <ClInclude Include="ColiderComponent.h">
      <Filter>ヘッダー ファイル\ECS\OldComponent</Filter>
    </ClInclude>
    <ClInclude Include="MaterialBuilder.h">
      <Filter>ヘッダー ファイル\Material</Filter>
    </ClInclude>
    <ClInclude Include="GltfModelFactory.h">
      <Filter>ヘッダー ファイル</Filter>
    </ClInclude>
    <ClInclude Include="ControllerComponent.h">
      <Filter>ヘッダー ファイル\ECS\OldComponent</Filter>
    </ClInclude>
    <ClInclude Include="GltfModelSystem.h">
      <Filter>ヘッダー ファイル\CompSystem</Filter>
    </ClInclude>
    <ClInclude Include="ECSManager.h">
      <Filter>ヘッダー ファイル\ECS</Filter>
    </ClInclude>
    <ClInclude Include="TransformComp.h">
      <Filter>ヘッダー ファイル\ECS\Component</Filter>
    </ClInclude>
    <ClInclude Include="GltfModelComp.h">
      <Filter>ヘッダー ファイル\ECS\Component</Filter>
    </ClInclude>
    <ClInclude Include="ColiderComp.h">
      <Filter>ヘッダー ファイル\ECS\Component</Filter>
    </ClInclude>
    <ClInclude Include="PhysicComp.h">
      <Filter>ヘッダー ファイル\ECS\Component</Filter>
    </ClInclude>
    <ClInclude Include="MeshRendererComp.h">
      <Filter>ヘッダー ファイル\ECS\Component</Filter>
    </ClInclude>
    <ClInclude Include="GameManager.h">
      <Filter>ヘッダー ファイル</Filter>
    </ClInclude>
    <ClInclude Include="GltfModelLoadSystem.h">
      <Filter>ヘッダー ファイル\ECS\System</Filter>
    </ClInclude>
    <ClInclude Include="LightComp.h">
      <Filter>ヘッダー ファイル\ECS\Component</Filter>
    </ClInclude>
    <ClInclude Include="TargetEntityComp.h">
      <Filter>ヘッダー ファイル\ECS\Component</Filter>
    </ClInclude>
    <ClInclude Include="SkyDomeComp.h">
      <Filter>ヘッダー ファイル\ECS\Component</Filter>
    </ClInclude>
    <ClInclude Include="SkyDomeFactory.h">
      <Filter>ヘッダー ファイル\Vulkan\Factory</Filter>
    </ClInclude>
    <ClInclude Include="SkyDomeBuilder.h">
      <Filter>ヘッダー ファイル\Vulkan\Builder</Filter>
    </ClInclude>
    <ClInclude Include="CameraComp.h">
      <Filter>ヘッダー ファイル\ECS\Component</Filter>
    </ClInclude>
    <ClInclude Include="TextureCopy.h">
      <Filter>ヘッダー ファイル\Material</Filter>
    </ClInclude>
    <ClInclude Include="CommandBufferFactory.h">
      <Filter>ヘッダー ファイル\Vulkan\Factory</Filter>
    </ClInclude>
  </ItemGroup>
  <ItemGroup>
    <ResourceCompile Include="VulkanGame1.rc">
      <Filter>リソース ファイル</Filter>
    </ResourceCompile>
  </ItemGroup>
</Project>