<?xml version="1.0" encoding="utf-8"?>
<Project ToolsVersion="4.0" xmlns="http://schemas.microsoft.com/developer/msbuild/2003">
  <ItemGroup>
    <Filter Include="ソース ファイル">
      <UniqueIdentifier>{4FC737F1-C7A5-4376-A066-2A32D752A2FF}</UniqueIdentifier>
      <Extensions>cpp;c;cc;cxx;c++;cppm;ixx;def;odl;idl;hpj;bat;asm;asmx</Extensions>
    </Filter>
    <Filter Include="リソース ファイル">
      <UniqueIdentifier>{67DA6AB6-F800-4c08-8B7A-83BB121AAD01}</UniqueIdentifier>
      <Extensions>rc;ico;cur;bmp;dlg;rc2;rct;bin;rgs;gif;jpg;jpeg;jpe;resx;tiff;tif;png;wav;mfcribbon-ms</Extensions>
    </Filter>
    <Filter Include="ソース ファイル\LoadModel">
      <UniqueIdentifier>{9faa75b5-6077-4c30-92ae-f1ca6a9e94b2}</UniqueIdentifier>
    </Filter>
    <Filter Include="ソース ファイル\Lights">
      <UniqueIdentifier>{2c1a1d75-3295-433d-bdab-de4bea32f3fe}</UniqueIdentifier>
    </Filter>
    <Filter Include="ソース ファイル\Vulkan">
      <UniqueIdentifier>{8e5f75bc-37c1-40c7-a477-7fa13b6cef96}</UniqueIdentifier>
    </Filter>
    <Filter Include="ヘッダー ファイル">
      <UniqueIdentifier>{93995380-89BD-4b04-88EB-625FBE52EBFB}</UniqueIdentifier>
      <Extensions>h;hh;hpp;hxx;h++;hm;inl;inc;ipp;xsd</Extensions>
    </Filter>
    <Filter Include="ヘッダー ファイル\LoadModel">
      <UniqueIdentifier>{452c546e-1157-4489-b5de-2e853ea9ce9a}</UniqueIdentifier>
    </Filter>
    <Filter Include="ヘッダー ファイル\Vulkan">
      <UniqueIdentifier>{3fcbab67-6893-4a1b-a6db-ccfb3dda7ed3}</UniqueIdentifier>
    </Filter>
    <Filter Include="ヘッダー ファイル\Lights">
      <UniqueIdentifier>{4cac4a24-a511-466b-ae6b-2183316919ae}</UniqueIdentifier>
    </Filter>
    <Filter Include="ソース ファイル\Font">
      <UniqueIdentifier>{91c87190-28a4-46e1-880e-a2b3843b6206}</UniqueIdentifier>
    </Filter>
    <Filter Include="ヘッダー ファイル\Font">
      <UniqueIdentifier>{62926d93-0ca9-488d-b53b-67382d487d1f}</UniqueIdentifier>
    </Filter>
    <Filter Include="ソース ファイル\UI">
      <UniqueIdentifier>{2ce631bd-f6f5-4348-987d-8d7cbe28552f}</UniqueIdentifier>
    </Filter>
    <Filter Include="ヘッダー ファイル\UI">
      <UniqueIdentifier>{4f8aa097-4077-4d98-b031-04d863ec83f6}</UniqueIdentifier>
    </Filter>
    <Filter Include="ヘッダー ファイル\Vulkan\Builder">
      <UniqueIdentifier>{64858630-b163-4def-a124-03a5704ed8fc}</UniqueIdentifier>
    </Filter>
    <Filter Include="ソース ファイル\Vulkan\Builder">
      <UniqueIdentifier>{bcc60ca7-f21b-4c2f-bf28-de9b6e3b1344}</UniqueIdentifier>
    </Filter>
    <Filter Include="ヘッダー ファイル\Vulkan\Factory">
      <UniqueIdentifier>{47e0f8f5-28f8-44c4-aad9-5268c8d4014d}</UniqueIdentifier>
    </Filter>
    <Filter Include="ソース ファイル\Vulkan\Factory">
      <UniqueIdentifier>{0496e188-0d04-4701-aa6d-b84c90643af9}</UniqueIdentifier>
    </Filter>
  </ItemGroup>
  <ItemGroup>
    <ClCompile Include="main.cpp">
      <Filter>ソース ファイル</Filter>
    </ClCompile>
    <ClCompile Include="Object.cpp">
      <Filter>ソース ファイル</Filter>
    </ClCompile>
    <ClCompile Include="Controller.cpp">
      <Filter>ソース ファイル</Filter>
    </ClCompile>
    <ClCompile Include="FileManager.cpp">
      <Filter>ソース ファイル</Filter>
    </ClCompile>
    <ClCompile Include="GameManager.cpp">
      <Filter>ソース ファイル</Filter>
    </ClCompile>
    <ClCompile Include="VulkanBase.cpp">
      <Filter>ソース ファイル\Vulkan</Filter>
    </ClCompile>
    <ClCompile Include="Model.cpp">
      <Filter>ソース ファイル</Filter>
    </ClCompile>
    <ClCompile Include="Player.cpp">
      <Filter>ソース ファイル</Filter>
    </ClCompile>
    <ClCompile Include="Camera.cpp">
      <Filter>ソース ファイル</Filter>
    </ClCompile>
    <ClCompile Include="GltfModel.cpp">
      <Filter>ソース ファイル\LoadModel</Filter>
    </ClCompile>
    <ClCompile Include="PhysicBase.cpp">
      <Filter>ソース ファイル</Filter>
    </ClCompile>
    <ClCompile Include="Light.cpp">
      <Filter>ソース ファイル\Lights</Filter>
    </ClCompile>
    <ClCompile Include="Colider.cpp">
      <Filter>ソース ファイル</Filter>
    </ClCompile>
    <ClCompile Include="Scene.cpp">
      <Filter>ソース ファイル</Filter>
    </ClCompile>
    <ClCompile Include="Storage.cpp">
      <Filter>ソース ファイル</Filter>
    </ClCompile>
    <ClCompile Include="Cubemap.cpp">
      <Filter>ソース ファイル</Filter>
    </ClCompile>
    <ClCompile Include="Bullet.cpp">
      <Filter>ソース ファイル</Filter>
    </ClCompile>
    <ClCompile Include="FontManager.cpp">
      <Filter>ソース ファイル\Font</Filter>
    </ClCompile>
    <ClCompile Include="MaxRectPacking.cpp">
      <Filter>ソース ファイル\Font</Filter>
    </ClCompile>
    <ClCompile Include="UI.cpp">
      <Filter>ソース ファイル\UI</Filter>
    </ClCompile>
    <ClCompile Include="Text.cpp">
      <Filter>ソース ファイル\UI</Filter>
    </ClCompile>
    <ClCompile Include="GpuBufferBuilder.cpp">
      <Filter>ソース ファイル\Vulkan\Builder</Filter>
    </ClCompile>
    <ClCompile Include="GpuBufferFactory.cpp">
      <Filter>ソース ファイル\Vulkan\Factory</Filter>
    </ClCompile>
    <ClCompile Include="VulkanCore.cpp">
      <Filter>ソース ファイル\Vulkan</Filter>
    </ClCompile>
    <ClCompile Include="GpuDescriptorSetLayoutBuilder.cpp">
      <Filter>ソース ファイル\Vulkan\Builder</Filter>
    </ClCompile>
    <ClCompile Include="GpuDescriptorSetLayoutFactory.cpp">
      <Filter>ソース ファイル\Vulkan\Factory</Filter>
    </ClCompile>
    <ClCompile Include="GpuPipelineLayoutFactory.cpp">
      <Filter>ソース ファイル\Vulkan\Factory</Filter>
    </ClCompile>
    <ClCompile Include="GpuPipelineLayoutBuilder.cpp">
      <Filter>ソース ファイル\Vulkan\Builder</Filter>
    </ClCompile>
    <ClCompile Include="GpuPipelineFactory.cpp">
      <Filter>ソース ファイル\Vulkan\Factory</Filter>
    </ClCompile>
    <ClCompile Include="GpuPipelineBuilder.cpp">
      <Filter>ソース ファイル\Vulkan\Builder</Filter>
    </ClCompile>
  </ItemGroup>
  <ItemGroup>
    <ClInclude Include="Material.h">
      <Filter>ヘッダー ファイル\LoadModel</Filter>
    </ClInclude>
    <ClInclude Include="Object.h">
      <Filter>ヘッダー ファイル</Filter>
    </ClInclude>
    <ClInclude Include="Controller.h">
      <Filter>ヘッダー ファイル</Filter>
    </ClInclude>
    <ClInclude Include="FileManager.h">
      <Filter>ヘッダー ファイル</Filter>
    </ClInclude>
    <ClInclude Include="GameManager.h">
      <Filter>ヘッダー ファイル</Filter>
    </ClInclude>
    <ClInclude Include="VulkanBase.h">
      <Filter>ヘッダー ファイル\Vulkan</Filter>
    </ClInclude>
    <ClInclude Include="Model.h">
      <Filter>ヘッダー ファイル</Filter>
    </ClInclude>
    <ClInclude Include="Player.h">
      <Filter>ヘッダー ファイル</Filter>
    </ClInclude>
    <ClInclude Include="Camera.h">
      <Filter>ヘッダー ファイル</Filter>
    </ClInclude>
    <ClInclude Include="GltfModel.h">
      <Filter>ヘッダー ファイル\LoadModel</Filter>
    </ClInclude>
    <ClInclude Include="resource1.h">
      <Filter>ヘッダー ファイル</Filter>
    </ClInclude>
    <ClInclude Include="AnimController.h">
      <Filter>ヘッダー ファイル</Filter>
    </ClInclude>
    <ClInclude Include="EnumList.h">
      <Filter>ヘッダー ファイル</Filter>
    </ClInclude>
    <ClInclude Include="Colider.h">
      <Filter>ヘッダー ファイル</Filter>
    </ClInclude>
    <ClInclude Include="PhysicBase.h">
      <Filter>ヘッダー ファイル</Filter>
    </ClInclude>
    <ClInclude Include="Light.h">
      <Filter>ヘッダー ファイル\Lights</Filter>
    </ClInclude>
    <ClInclude Include="Scene.h">
      <Filter>ヘッダー ファイル</Filter>
    </ClInclude>
    <ClInclude Include="Storage.h">
      <Filter>ヘッダー ファイル</Filter>
    </ClInclude>
    <ClInclude Include="RTree.h">
      <Filter>ヘッダー ファイル</Filter>
    </ClInclude>
    <ClInclude Include="ThreadPool.h">
      <Filter>ヘッダー ファイル</Filter>
    </ClInclude>
    <ClInclude Include="Cubemap.h">
      <Filter>ヘッダー ファイル</Filter>
    </ClInclude>
    <ClInclude Include="Bullet.h">
      <Filter>ヘッダー ファイル</Filter>
    </ClInclude>
    <ClInclude Include="FontManager.h">
      <Filter>ヘッダー ファイル\Font</Filter>
    </ClInclude>
    <ClInclude Include="MaxRectPacking.h">
      <Filter>ヘッダー ファイル\Font</Filter>
    </ClInclude>
    <ClInclude Include="UI.h">
      <Filter>ヘッダー ファイル\UI</Filter>
    </ClInclude>
    <ClInclude Include="Text.h">
      <Filter>ヘッダー ファイル\UI</Filter>
    </ClInclude>
    <ClInclude Include="GpuBufferBuilder.h">
      <Filter>ヘッダー ファイル\Vulkan\Builder</Filter>
    </ClInclude>
    <ClInclude Include="VulkanCore.h">
      <Filter>ヘッダー ファイル\Vulkan</Filter>
    </ClInclude>
    <ClInclude Include="GpuBufferFactory.h">
      <Filter>ヘッダー ファイル\Vulkan\Factory</Filter>
    </ClInclude>
    <ClInclude Include="GpuDescriptorSetLayoutBuilder.h">
      <Filter>ヘッダー ファイル\Vulkan\Builder</Filter>
    </ClInclude>
    <ClInclude Include="GpuDescriptorSetLayoutFactory.h">
      <Filter>ヘッダー ファイル\Vulkan\Factory</Filter>
    </ClInclude>
    <ClInclude Include="GpuPipelineLayoutFactory.h">
      <Filter>ヘッダー ファイル\Vulkan\Factory</Filter>
    </ClInclude>
    <ClInclude Include="GpuPipelineLayoutBuilder.h">
      <Filter>ヘッダー ファイル\Vulkan\Builder</Filter>
    </ClInclude>
    <ClInclude Include="StructList.h">
      <Filter>ヘッダー ファイル</Filter>
    </ClInclude>
    <ClInclude Include="GpuPipeline.h">
      <Filter>ヘッダー ファイル</Filter>
    </ClInclude>
    <ClInclude Include="GpuPipelineFactory.h">
      <Filter>ヘッダー ファイル\Vulkan\Factory</Filter>
    </ClInclude>
    <ClInclude Include="GpuPipelineBuilder.h">
      <Filter>ヘッダー ファイル\Vulkan\Builder</Filter>
    </ClInclude>
  </ItemGroup>
  <ItemGroup>
    <ResourceCompile Include="VulkanGame1.rc">
      <Filter>リソース ファイル</Filter>
    </ResourceCompile>
  </ItemGroup>
</Project>